// !$*UTF8*$!
{
	archiveVersion = 1;
	classes = {
	};
	objectVersion = 56;
	objects = {

/* Begin PBXBuildFile section */
		03E248D22A8A75BD00DDE525 /* SibaroJSONDecoder.swift in Sources */ = {isa = PBXBuildFile; fileRef = 03E248D12A8A75BD00DDE525 /* SibaroJSONDecoder.swift */; };
		03E248D52A8A75FE00DDE525 /* Date+DecodeString.swift in Sources */ = {isa = PBXBuildFile; fileRef = 03E248D42A8A75FE00DDE525 /* Date+DecodeString.swift */; };
		03E248DA2A8A9C2600DDE525 /* en.strings in Resources */ = {isa = PBXBuildFile; fileRef = 03E248D92A8A9C2600DDE525 /* en.strings */; };
		03E248DD2A8A9C4F00DDE525 /* I18nService.swift in Sources */ = {isa = PBXBuildFile; fileRef = 03E248DC2A8A9C4F00DDE525 /* I18nService.swift */; };
		03E248E22A8A9D4100DDE525 /* Languages.swift in Sources */ = {isa = PBXBuildFile; fileRef = 03E248E12A8A9D4100DDE525 /* Languages.swift */; };
		03E248E72A8AA42D00DDE525 /* StorageService.swift in Sources */ = {isa = PBXBuildFile; fileRef = 03E248E62A8AA42D00DDE525 /* StorageService.swift */; };
		03FDA2F72A8C110A003D192D /* SibaroAppServices.swift in Sources */ = {isa = PBXBuildFile; fileRef = 03FDA2F62A8C110A003D192D /* SibaroAppServices.swift */; };
		03FDA30A2A8C169A003D192D /* Locking.swift in Sources */ = {isa = PBXBuildFile; fileRef = 03FDA2FF2A8C169A003D192D /* Locking.swift */; };
		03FDA30F2A8C1952003D192D /* MainViewModel.swift in Sources */ = {isa = PBXBuildFile; fileRef = 03FDA30E2A8C1952003D192D /* MainViewModel.swift */; };
		03FDA3112A8C1A48003D192D /* ViewModel.swift in Sources */ = {isa = PBXBuildFile; fileRef = 03FDA3102A8C1A48003D192D /* ViewModel.swift */; };
		03FDA3142A8C1D1B003D192D /* LoginViewModel.swift in Sources */ = {isa = PBXBuildFile; fileRef = 03FDA3132A8C1D1B003D192D /* LoginViewModel.swift */; };
		03FDA3182A8D0C1C003D192D /* ProductItemViewModel.swift in Sources */ = {isa = PBXBuildFile; fileRef = 03FDA3172A8D0C1C003D192D /* ProductItemViewModel.swift */; };
		03FDA31A2A8D36A6003D192D /* Service.swift in Sources */ = {isa = PBXBuildFile; fileRef = 03FDA3192A8D36A6003D192D /* Service.swift */; };
		03FDA31E2A8D470F003D192D /* Injections.swift in Sources */ = {isa = PBXBuildFile; fileRef = 03FDA31B2A8D470F003D192D /* Injections.swift */; };
		03FDA31F2A8D470F003D192D /* Container.swift in Sources */ = {isa = PBXBuildFile; fileRef = 03FDA31C2A8D470F003D192D /* Container.swift */; };
		03FDA3202A8D470F003D192D /* Factory.swift in Sources */ = {isa = PBXBuildFile; fileRef = 03FDA31D2A8D470F003D192D /* Factory.swift */; };
		03FDA3222A8D5FE2003D192D /* Stored.swift in Sources */ = {isa = PBXBuildFile; fileRef = 03FDA3212A8D5FE2003D192D /* Stored.swift */; };
		03FDA3242A8DD4D3003D192D /* SingleAxisGeometryReader.swift in Sources */ = {isa = PBXBuildFile; fileRef = 03FDA3232A8DD4D3003D192D /* SingleAxisGeometryReader.swift */; };
		117ED6F32A8B743400775CEC /* DirectoryReader.m in Sources */ = {isa = PBXBuildFile; fileRef = 117ED6EB2A8B743400775CEC /* DirectoryReader.m */; };
		117ED6F42A8B743400775CEC /* ApplicationService.swift in Sources */ = {isa = PBXBuildFile; fileRef = 117ED6ED2A8B743400775CEC /* ApplicationService.swift */; };
		117ED6F52A8B743400775CEC /* SystemApplication.swift in Sources */ = {isa = PBXBuildFile; fileRef = 117ED6EE2A8B743400775CEC /* SystemApplication.swift */; };
		117ED6F62A8B743400775CEC /* EmbeddableSystemApplicationManager.swift in Sources */ = {isa = PBXBuildFile; fileRef = 117ED6EF2A8B743400775CEC /* EmbeddableSystemApplicationManager.swift */; };
		117ED6F72A8B743400775CEC /* Invocator.m in Sources */ = {isa = PBXBuildFile; fileRef = 117ED6F22A8B743400775CEC /* Invocator.m */; };
		117ED6FA2A8B74FE00775CEC /* MobileCoreServices.framework in Frameworks */ = {isa = PBXBuildFile; fileRef = 117ED6F92A8B74FE00775CEC /* MobileCoreServices.framework */; platformFilter = ios; };
		117ED7012A8B87D000775CEC /* String+VersionComparison.swift in Sources */ = {isa = PBXBuildFile; fileRef = 117ED7002A8B87D000775CEC /* String+VersionComparison.swift */; };
		11D5D8E52A8BBC6300A3C22B /* Dictionary+Apps.swift in Sources */ = {isa = PBXBuildFile; fileRef = 11D5D8E42A8BBC6300A3C22B /* Dictionary+Apps.swift */; };
		363A1BDF2A8C8DF500148CBB /* ProductsListViewModel.swift in Sources */ = {isa = PBXBuildFile; fileRef = 363A1BDE2A8C8DF500148CBB /* ProductsListViewModel.swift */; };
		363A1BE32A8CA8E700148CBB /* ProfileViewModel.swift in Sources */ = {isa = PBXBuildFile; fileRef = 363A1BE22A8CA8E700148CBB /* ProfileViewModel.swift */; };
		363A1BE62A8D25A300148CBB /* ProductDetailsViewModel.swift in Sources */ = {isa = PBXBuildFile; fileRef = 363A1BE52A8D25A300148CBB /* ProductDetailsViewModel.swift */; };
		C604EB022A892FDA00B18E0E /* SibaroApp.swift in Sources */ = {isa = PBXBuildFile; fileRef = C604EB012A892FDA00B18E0E /* SibaroApp.swift */; };
		C604EB062A892FDD00B18E0E /* Assets.xcassets in Resources */ = {isa = PBXBuildFile; fileRef = C604EB052A892FDD00B18E0E /* Assets.xcassets */; };
		C604EB162A8930C400B18E0E /* Panel.swift in Sources */ = {isa = PBXBuildFile; fileRef = C604EB122A8930C400B18E0E /* Panel.swift */; };
		C604EB172A8930C400B18E0E /* Sidebar.swift in Sources */ = {isa = PBXBuildFile; fileRef = C604EB132A8930C400B18E0E /* Sidebar.swift */; };
		C604EB182A8930C400B18E0E /* TabNavigation.swift in Sources */ = {isa = PBXBuildFile; fileRef = C604EB142A8930C400B18E0E /* TabNavigation.swift */; };
		C604EB192A8930C400B18E0E /* MainView.swift in Sources */ = {isa = PBXBuildFile; fileRef = C604EB152A8930C400B18E0E /* MainView.swift */; };
		C604EB1C2A89316C00B18E0E /* ProductsListView.swift in Sources */ = {isa = PBXBuildFile; fileRef = C604EB1B2A89316C00B18E0E /* ProductsListView.swift */; };
		C604EB222A8932FB00B18E0E /* ProfileView.swift in Sources */ = {isa = PBXBuildFile; fileRef = C604EB212A8932FB00B18E0E /* ProfileView.swift */; };
		C604EB242A89333800B18E0E /* LoginView.swift in Sources */ = {isa = PBXBuildFile; fileRef = C604EB232A89333800B18E0E /* LoginView.swift */; };
		C604EB272A89337400B18E0E /* VisualEffectBlur.swift in Sources */ = {isa = PBXBuildFile; fileRef = C604EB262A89337400B18E0E /* VisualEffectBlur.swift */; };
		C604EB2D2A89399700B18E0E /* AuthEndpoint.swift in Sources */ = {isa = PBXBuildFile; fileRef = C604EB2C2A89399700B18E0E /* AuthEndpoint.swift */; };
		C604EB342A8939BB00B18E0E /* HTTPContentType.swift in Sources */ = {isa = PBXBuildFile; fileRef = C604EB2F2A8939BB00B18E0E /* HTTPContentType.swift */; };
		C604EB352A8939BB00B18E0E /* HTTPMethod.swift in Sources */ = {isa = PBXBuildFile; fileRef = C604EB302A8939BB00B18E0E /* HTTPMethod.swift */; };
		C604EB362A8939BB00B18E0E /* HTTPClient.swift in Sources */ = {isa = PBXBuildFile; fileRef = C604EB312A8939BB00B18E0E /* HTTPClient.swift */; };
		C604EB372A8939BB00B18E0E /* RequestError.swift in Sources */ = {isa = PBXBuildFile; fileRef = C604EB322A8939BB00B18E0E /* RequestError.swift */; };
		C604EB382A8939BB00B18E0E /* Endpoint.swift in Sources */ = {isa = PBXBuildFile; fileRef = C604EB332A8939BB00B18E0E /* Endpoint.swift */; };
		C604EB3D2A893A9E00B18E0E /* Login.swift in Sources */ = {isa = PBXBuildFile; fileRef = C604EB3C2A893A9E00B18E0E /* Login.swift */; };
		C604EB3F2A893ADB00B18E0E /* Product.swift in Sources */ = {isa = PBXBuildFile; fileRef = C604EB3E2A893ADB00B18E0E /* Product.swift */; };
		C604EB422A893B6600B18E0E /* Errors.swift in Sources */ = {isa = PBXBuildFile; fileRef = C604EB412A893B6600B18E0E /* Errors.swift */; };
		C604EB442A893D3500B18E0E /* ProductsEndpoint.swift in Sources */ = {isa = PBXBuildFile; fileRef = C604EB432A893D3500B18E0E /* ProductsEndpoint.swift */; };
		C604EB472A89406D00B18E0E /* AuthRepository.swift in Sources */ = {isa = PBXBuildFile; fileRef = C604EB462A89406D00B18E0E /* AuthRepository.swift */; };
		C604EB492A89407D00B18E0E /* ProductsRepository.swift in Sources */ = {isa = PBXBuildFile; fileRef = C604EB482A89407D00B18E0E /* ProductsRepository.swift */; };
		C604EB4E2A894AE400B18E0E /* SimpleKeychain in Frameworks */ = {isa = PBXBuildFile; productRef = C604EB4D2A894AE400B18E0E /* SimpleKeychain */; };
		C604EB502A89546F00B18E0E /* EmptyStateView.swift in Sources */ = {isa = PBXBuildFile; fileRef = C604EB4F2A89546F00B18E0E /* EmptyStateView.swift */; };
		C604EB522A895EC000B18E0E /* ProductItemView.swift in Sources */ = {isa = PBXBuildFile; fileRef = C604EB512A895EC000B18E0E /* ProductItemView.swift */; };
		C62BF8012A8A3059002CFFF9 /* MarkdownUI in Frameworks */ = {isa = PBXBuildFile; productRef = C62BF8002A8A3059002CFFF9 /* MarkdownUI */; };
		C667B4D32A897F1300B2427D /* ProductDetailsView.swift in Sources */ = {isa = PBXBuildFile; fileRef = C667B4D22A897F1300B2427D /* ProductDetailsView.swift */; };
		C667B4D62A89873400B2427D /* String+Extensions.swift in Sources */ = {isa = PBXBuildFile; fileRef = C667B4D52A89873400B2427D /* String+Extensions.swift */; };
		C67979722A8A99180091BE25 /* Config.xcconfig in Resources */ = {isa = PBXBuildFile; fileRef = C67979712A8A99180091BE25 /* Config.xcconfig */; };
		C67979752A8AA6E00091BE25 /* Nuke in Frameworks */ = {isa = PBXBuildFile; productRef = C67979742A8AA6E00091BE25 /* Nuke */; };
		C67979792A8AA6E00091BE25 /* NukeUI in Frameworks */ = {isa = PBXBuildFile; productRef = C67979782A8AA6E00091BE25 /* NukeUI */; };
		C6AD3FBE2A8E1991008182BC /* SubmitAppView.swift in Sources */ = {isa = PBXBuildFile; fileRef = C6AD3FBB2A8E1991008182BC /* SubmitAppView.swift */; };
		C6AD3FC02A8E1991008182BC /* SubmitAppViewModel.swift in Sources */ = {isa = PBXBuildFile; fileRef = C6AD3FBD2A8E1991008182BC /* SubmitAppViewModel.swift */; };
		C6AD3FC22A8E19AC008182BC /* SubmitAppEndpoint.swift in Sources */ = {isa = PBXBuildFile; fileRef = C6AD3FC12A8E19AC008182BC /* SubmitAppEndpoint.swift */; };
		C6AD3FC42A8E19CE008182BC /* SubmitApp.swift in Sources */ = {isa = PBXBuildFile; fileRef = C6AD3FC32A8E19CE008182BC /* SubmitApp.swift */; };
		C6AD3FC62A8E19FE008182BC /* SubmitAppRepository.swift in Sources */ = {isa = PBXBuildFile; fileRef = C6AD3FC52A8E19FE008182BC /* SubmitAppRepository.swift */; };
		C6CF976A2A8BDB090035210F /* HapticFeedback.swift in Sources */ = {isa = PBXBuildFile; fileRef = C6CF97692A8BDB090035210F /* HapticFeedback.swift */; };
/* End PBXBuildFile section */

/* Begin PBXFileReference section */
		03E248D12A8A75BD00DDE525 /* SibaroJSONDecoder.swift */ = {isa = PBXFileReference; lastKnownFileType = sourcecode.swift; path = SibaroJSONDecoder.swift; sourceTree = "<group>"; };
		03E248D42A8A75FE00DDE525 /* Date+DecodeString.swift */ = {isa = PBXFileReference; lastKnownFileType = sourcecode.swift; path = "Date+DecodeString.swift"; sourceTree = "<group>"; };
		03E248D92A8A9C2600DDE525 /* en.strings */ = {isa = PBXFileReference; lastKnownFileType = text.plist.strings; path = en.strings; sourceTree = "<group>"; };
		03E248DC2A8A9C4F00DDE525 /* I18nService.swift */ = {isa = PBXFileReference; lastKnownFileType = sourcecode.swift; path = I18nService.swift; sourceTree = "<group>"; };
		03E248E12A8A9D4100DDE525 /* Languages.swift */ = {isa = PBXFileReference; lastKnownFileType = sourcecode.swift; path = Languages.swift; sourceTree = "<group>"; };
		03E248E62A8AA42D00DDE525 /* StorageService.swift */ = {isa = PBXFileReference; lastKnownFileType = sourcecode.swift; path = StorageService.swift; sourceTree = "<group>"; };
		03FDA2F62A8C110A003D192D /* SibaroAppServices.swift */ = {isa = PBXFileReference; lastKnownFileType = sourcecode.swift; path = SibaroAppServices.swift; sourceTree = "<group>"; };
		03FDA2FF2A8C169A003D192D /* Locking.swift */ = {isa = PBXFileReference; fileEncoding = 4; lastKnownFileType = sourcecode.swift; path = Locking.swift; sourceTree = "<group>"; };
		03FDA30E2A8C1952003D192D /* MainViewModel.swift */ = {isa = PBXFileReference; lastKnownFileType = sourcecode.swift; path = MainViewModel.swift; sourceTree = "<group>"; };
		03FDA3102A8C1A48003D192D /* ViewModel.swift */ = {isa = PBXFileReference; lastKnownFileType = sourcecode.swift; path = ViewModel.swift; sourceTree = "<group>"; };
		03FDA3132A8C1D1B003D192D /* LoginViewModel.swift */ = {isa = PBXFileReference; lastKnownFileType = sourcecode.swift; path = LoginViewModel.swift; sourceTree = "<group>"; };
		03FDA3172A8D0C1C003D192D /* ProductItemViewModel.swift */ = {isa = PBXFileReference; lastKnownFileType = sourcecode.swift; path = ProductItemViewModel.swift; sourceTree = "<group>"; };
		03FDA3192A8D36A6003D192D /* Service.swift */ = {isa = PBXFileReference; lastKnownFileType = sourcecode.swift; path = Service.swift; sourceTree = "<group>"; };
		03FDA31B2A8D470F003D192D /* Injections.swift */ = {isa = PBXFileReference; fileEncoding = 4; lastKnownFileType = sourcecode.swift; path = Injections.swift; sourceTree = "<group>"; };
		03FDA31C2A8D470F003D192D /* Container.swift */ = {isa = PBXFileReference; fileEncoding = 4; lastKnownFileType = sourcecode.swift; path = Container.swift; sourceTree = "<group>"; };
		03FDA31D2A8D470F003D192D /* Factory.swift */ = {isa = PBXFileReference; fileEncoding = 4; lastKnownFileType = sourcecode.swift; path = Factory.swift; sourceTree = "<group>"; };
		03FDA3212A8D5FE2003D192D /* Stored.swift */ = {isa = PBXFileReference; lastKnownFileType = sourcecode.swift; path = Stored.swift; sourceTree = "<group>"; };
		03FDA3232A8DD4D3003D192D /* SingleAxisGeometryReader.swift */ = {isa = PBXFileReference; lastKnownFileType = sourcecode.swift; path = SingleAxisGeometryReader.swift; sourceTree = "<group>"; };
		117ED6E02A8B741E00775CEC /* Sibaro-Bridging-Header.h */ = {isa = PBXFileReference; lastKnownFileType = sourcecode.c.h; path = "Sibaro-Bridging-Header.h"; sourceTree = "<group>"; };
		117ED6EB2A8B743400775CEC /* DirectoryReader.m */ = {isa = PBXFileReference; fileEncoding = 4; lastKnownFileType = sourcecode.c.objc; path = DirectoryReader.m; sourceTree = "<group>"; };
		117ED6EC2A8B743400775CEC /* DirectoryReader.h */ = {isa = PBXFileReference; fileEncoding = 4; lastKnownFileType = sourcecode.c.h; path = DirectoryReader.h; sourceTree = "<group>"; };
		117ED6ED2A8B743400775CEC /* ApplicationService.swift */ = {isa = PBXFileReference; fileEncoding = 4; lastKnownFileType = sourcecode.swift; path = ApplicationService.swift; sourceTree = "<group>"; };
		117ED6EE2A8B743400775CEC /* SystemApplication.swift */ = {isa = PBXFileReference; fileEncoding = 4; lastKnownFileType = sourcecode.swift; path = SystemApplication.swift; sourceTree = "<group>"; };
		117ED6EF2A8B743400775CEC /* EmbeddableSystemApplicationManager.swift */ = {isa = PBXFileReference; fileEncoding = 4; lastKnownFileType = sourcecode.swift; path = EmbeddableSystemApplicationManager.swift; sourceTree = "<group>"; };
		117ED6F12A8B743400775CEC /* Invocator.h */ = {isa = PBXFileReference; fileEncoding = 4; lastKnownFileType = sourcecode.c.h; path = Invocator.h; sourceTree = "<group>"; };
		117ED6F22A8B743400775CEC /* Invocator.m */ = {isa = PBXFileReference; fileEncoding = 4; lastKnownFileType = sourcecode.c.objc; path = Invocator.m; sourceTree = "<group>"; };
		117ED6F92A8B74FE00775CEC /* MobileCoreServices.framework */ = {isa = PBXFileReference; lastKnownFileType = wrapper.framework; name = MobileCoreServices.framework; path = Platforms/iPhoneOS.platform/Developer/SDKs/iPhoneOS16.2.sdk/System/Library/Frameworks/MobileCoreServices.framework; sourceTree = DEVELOPER_DIR; };
		117ED6FB2A8B755E00775CEC /* LSBundleProxy.h */ = {isa = PBXFileReference; fileEncoding = 4; lastKnownFileType = sourcecode.c.h; path = LSBundleProxy.h; sourceTree = "<group>"; };
		117ED6FC2A8B755E00775CEC /* UIImage-ApplicationIcons.h */ = {isa = PBXFileReference; fileEncoding = 4; lastKnownFileType = sourcecode.c.h; path = "UIImage-ApplicationIcons.h"; sourceTree = "<group>"; };
		117ED6FD2A8B755E00775CEC /* LSApplicationProxy.h */ = {isa = PBXFileReference; fileEncoding = 4; lastKnownFileType = sourcecode.c.h; path = LSApplicationProxy.h; sourceTree = "<group>"; };
		117ED6FE2A8B755E00775CEC /* LSResourceProxy.h */ = {isa = PBXFileReference; fileEncoding = 4; lastKnownFileType = sourcecode.c.h; path = LSResourceProxy.h; sourceTree = "<group>"; };
		117ED6FF2A8B755E00775CEC /* LSApplicationWorkspace.h */ = {isa = PBXFileReference; fileEncoding = 4; lastKnownFileType = sourcecode.c.h; path = LSApplicationWorkspace.h; sourceTree = "<group>"; };
		117ED7002A8B87D000775CEC /* String+VersionComparison.swift */ = {isa = PBXFileReference; lastKnownFileType = sourcecode.swift; path = "String+VersionComparison.swift"; sourceTree = "<group>"; };
		11D5D8E42A8BBC6300A3C22B /* Dictionary+Apps.swift */ = {isa = PBXFileReference; lastKnownFileType = sourcecode.swift; path = "Dictionary+Apps.swift"; sourceTree = "<group>"; };
		363A1BDE2A8C8DF500148CBB /* ProductsListViewModel.swift */ = {isa = PBXFileReference; lastKnownFileType = sourcecode.swift; path = ProductsListViewModel.swift; sourceTree = "<group>"; };
		363A1BE22A8CA8E700148CBB /* ProfileViewModel.swift */ = {isa = PBXFileReference; lastKnownFileType = sourcecode.swift; path = ProfileViewModel.swift; sourceTree = "<group>"; };
		363A1BE52A8D25A300148CBB /* ProductDetailsViewModel.swift */ = {isa = PBXFileReference; lastKnownFileType = sourcecode.swift; path = ProductDetailsViewModel.swift; sourceTree = "<group>"; };
		C604EAFE2A892FDA00B18E0E /* Sibaro.app */ = {isa = PBXFileReference; explicitFileType = wrapper.application; includeInIndex = 0; path = Sibaro.app; sourceTree = BUILT_PRODUCTS_DIR; };
		C604EB012A892FDA00B18E0E /* SibaroApp.swift */ = {isa = PBXFileReference; lastKnownFileType = sourcecode.swift; path = SibaroApp.swift; sourceTree = "<group>"; };
		C604EB052A892FDD00B18E0E /* Assets.xcassets */ = {isa = PBXFileReference; lastKnownFileType = folder.assetcatalog; path = Assets.xcassets; sourceTree = "<group>"; };
		C604EB072A892FDD00B18E0E /* Sibaro.entitlements */ = {isa = PBXFileReference; lastKnownFileType = text.plist.entitlements; path = Sibaro.entitlements; sourceTree = "<group>"; };
		C604EB122A8930C400B18E0E /* Panel.swift */ = {isa = PBXFileReference; fileEncoding = 4; lastKnownFileType = sourcecode.swift; path = Panel.swift; sourceTree = "<group>"; };
		C604EB132A8930C400B18E0E /* Sidebar.swift */ = {isa = PBXFileReference; fileEncoding = 4; lastKnownFileType = sourcecode.swift; path = Sidebar.swift; sourceTree = "<group>"; };
		C604EB142A8930C400B18E0E /* TabNavigation.swift */ = {isa = PBXFileReference; fileEncoding = 4; lastKnownFileType = sourcecode.swift; path = TabNavigation.swift; sourceTree = "<group>"; };
		C604EB152A8930C400B18E0E /* MainView.swift */ = {isa = PBXFileReference; fileEncoding = 4; lastKnownFileType = sourcecode.swift; path = MainView.swift; sourceTree = "<group>"; };
		C604EB1B2A89316C00B18E0E /* ProductsListView.swift */ = {isa = PBXFileReference; lastKnownFileType = sourcecode.swift; path = ProductsListView.swift; sourceTree = "<group>"; };
		C604EB212A8932FB00B18E0E /* ProfileView.swift */ = {isa = PBXFileReference; lastKnownFileType = sourcecode.swift; path = ProfileView.swift; sourceTree = "<group>"; };
		C604EB232A89333800B18E0E /* LoginView.swift */ = {isa = PBXFileReference; lastKnownFileType = sourcecode.swift; path = LoginView.swift; sourceTree = "<group>"; };
		C604EB262A89337400B18E0E /* VisualEffectBlur.swift */ = {isa = PBXFileReference; fileEncoding = 4; lastKnownFileType = sourcecode.swift; path = VisualEffectBlur.swift; sourceTree = "<group>"; };
		C604EB2C2A89399700B18E0E /* AuthEndpoint.swift */ = {isa = PBXFileReference; lastKnownFileType = sourcecode.swift; path = AuthEndpoint.swift; sourceTree = "<group>"; };
		C604EB2F2A8939BB00B18E0E /* HTTPContentType.swift */ = {isa = PBXFileReference; fileEncoding = 4; lastKnownFileType = sourcecode.swift; path = HTTPContentType.swift; sourceTree = "<group>"; };
		C604EB302A8939BB00B18E0E /* HTTPMethod.swift */ = {isa = PBXFileReference; fileEncoding = 4; lastKnownFileType = sourcecode.swift; path = HTTPMethod.swift; sourceTree = "<group>"; };
		C604EB312A8939BB00B18E0E /* HTTPClient.swift */ = {isa = PBXFileReference; fileEncoding = 4; lastKnownFileType = sourcecode.swift; path = HTTPClient.swift; sourceTree = "<group>"; };
		C604EB322A8939BB00B18E0E /* RequestError.swift */ = {isa = PBXFileReference; fileEncoding = 4; lastKnownFileType = sourcecode.swift; path = RequestError.swift; sourceTree = "<group>"; };
		C604EB332A8939BB00B18E0E /* Endpoint.swift */ = {isa = PBXFileReference; fileEncoding = 4; lastKnownFileType = sourcecode.swift; path = Endpoint.swift; sourceTree = "<group>"; };
		C604EB3C2A893A9E00B18E0E /* Login.swift */ = {isa = PBXFileReference; lastKnownFileType = sourcecode.swift; path = Login.swift; sourceTree = "<group>"; };
		C604EB3E2A893ADB00B18E0E /* Product.swift */ = {isa = PBXFileReference; lastKnownFileType = sourcecode.swift; path = Product.swift; sourceTree = "<group>"; };
		C604EB412A893B6600B18E0E /* Errors.swift */ = {isa = PBXFileReference; lastKnownFileType = sourcecode.swift; path = Errors.swift; sourceTree = "<group>"; };
		C604EB432A893D3500B18E0E /* ProductsEndpoint.swift */ = {isa = PBXFileReference; lastKnownFileType = sourcecode.swift; path = ProductsEndpoint.swift; sourceTree = "<group>"; };
		C604EB462A89406D00B18E0E /* AuthRepository.swift */ = {isa = PBXFileReference; lastKnownFileType = sourcecode.swift; path = AuthRepository.swift; sourceTree = "<group>"; };
		C604EB482A89407D00B18E0E /* ProductsRepository.swift */ = {isa = PBXFileReference; lastKnownFileType = sourcecode.swift; path = ProductsRepository.swift; sourceTree = "<group>"; };
		C604EB4F2A89546F00B18E0E /* EmptyStateView.swift */ = {isa = PBXFileReference; lastKnownFileType = sourcecode.swift; path = EmptyStateView.swift; sourceTree = "<group>"; };
		C604EB512A895EC000B18E0E /* ProductItemView.swift */ = {isa = PBXFileReference; lastKnownFileType = sourcecode.swift; path = ProductItemView.swift; sourceTree = "<group>"; };
		C667B4D22A897F1300B2427D /* ProductDetailsView.swift */ = {isa = PBXFileReference; lastKnownFileType = sourcecode.swift; path = ProductDetailsView.swift; sourceTree = "<group>"; };
		C667B4D52A89873400B2427D /* String+Extensions.swift */ = {isa = PBXFileReference; lastKnownFileType = sourcecode.swift; path = "String+Extensions.swift"; sourceTree = "<group>"; };
		C67979712A8A99180091BE25 /* Config.xcconfig */ = {isa = PBXFileReference; fileEncoding = 4; lastKnownFileType = text.xcconfig; path = Config.xcconfig; sourceTree = "<group>"; };
		C6AD3FBB2A8E1991008182BC /* SubmitAppView.swift */ = {isa = PBXFileReference; fileEncoding = 4; lastKnownFileType = sourcecode.swift; path = SubmitAppView.swift; sourceTree = "<group>"; };
		C6AD3FBD2A8E1991008182BC /* SubmitAppViewModel.swift */ = {isa = PBXFileReference; fileEncoding = 4; lastKnownFileType = sourcecode.swift; path = SubmitAppViewModel.swift; sourceTree = "<group>"; };
		C6AD3FC12A8E19AC008182BC /* SubmitAppEndpoint.swift */ = {isa = PBXFileReference; fileEncoding = 4; lastKnownFileType = sourcecode.swift; path = SubmitAppEndpoint.swift; sourceTree = "<group>"; };
		C6AD3FC32A8E19CE008182BC /* SubmitApp.swift */ = {isa = PBXFileReference; fileEncoding = 4; lastKnownFileType = sourcecode.swift; path = SubmitApp.swift; sourceTree = "<group>"; };
		C6AD3FC52A8E19FE008182BC /* SubmitAppRepository.swift */ = {isa = PBXFileReference; fileEncoding = 4; lastKnownFileType = sourcecode.swift; path = SubmitAppRepository.swift; sourceTree = "<group>"; };
		C6CF97692A8BDB090035210F /* HapticFeedback.swift */ = {isa = PBXFileReference; lastKnownFileType = sourcecode.swift; path = HapticFeedback.swift; sourceTree = "<group>"; };
/* End PBXFileReference section */

/* Begin PBXFrameworksBuildPhase section */
		C604EAFB2A892FDA00B18E0E /* Frameworks */ = {
			isa = PBXFrameworksBuildPhase;
			buildActionMask = 2147483647;
			files = (
				117ED6FA2A8B74FE00775CEC /* MobileCoreServices.framework in Frameworks */,
				C67979792A8AA6E00091BE25 /* NukeUI in Frameworks */,
				C67979752A8AA6E00091BE25 /* Nuke in Frameworks */,
				C604EB4E2A894AE400B18E0E /* SimpleKeychain in Frameworks */,
				C62BF8012A8A3059002CFFF9 /* MarkdownUI in Frameworks */,
			);
			runOnlyForDeploymentPostprocessing = 0;
		};
/* End PBXFrameworksBuildPhase section */

/* Begin PBXGroup section */
		03E248D02A8A75A300DDE525 /* Utilities */ = {
			isa = PBXGroup;
			children = (
				03E248D12A8A75BD00DDE525 /* SibaroJSONDecoder.swift */,
			);
			path = Utilities;
			sourceTree = "<group>";
		};
		03E248D32A8A75DE00DDE525 /* Extensions */ = {
			isa = PBXGroup;
			children = (
				03E248D42A8A75FE00DDE525 /* Date+DecodeString.swift */,
			);
			path = Extensions;
			sourceTree = "<group>";
		};
		03E248D72A8A9C0300DDE525 /* Localization */ = {
			isa = PBXGroup;
			children = (
				03E248D82A8A9C0B00DDE525 /* Resources */,
				03E248DB2A8A9C3600DDE525 /* Services */,
			);
			path = Localization;
			sourceTree = "<group>";
		};
		03E248D82A8A9C0B00DDE525 /* Resources */ = {
			isa = PBXGroup;
			children = (
				03E248D92A8A9C2600DDE525 /* en.strings */,
				03E248E12A8A9D4100DDE525 /* Languages.swift */,
			);
			path = Resources;
			sourceTree = "<group>";
		};
		03E248DB2A8A9C3600DDE525 /* Services */ = {
			isa = PBXGroup;
			children = (
				03E248DC2A8A9C4F00DDE525 /* I18nService.swift */,
			);
			path = Services;
			sourceTree = "<group>";
		};
		03E248DE2A8A9C6E00DDE525 /* Storage */ = {
			isa = PBXGroup;
			children = (
				03E248E02A8A9CC900DDE525 /* Utilities */,
				03E248E52A8AA41C00DDE525 /* Services */,
			);
			path = Storage;
			sourceTree = "<group>";
		};
		03E248E02A8A9CC900DDE525 /* Utilities */ = {
			isa = PBXGroup;
			children = (
				03FDA3212A8D5FE2003D192D /* Stored.swift */,
			);
			path = Utilities;
			sourceTree = "<group>";
		};
		03E248E52A8AA41C00DDE525 /* Services */ = {
			isa = PBXGroup;
			children = (
				03E248E62A8AA42D00DDE525 /* StorageService.swift */,
			);
			path = Services;
			sourceTree = "<group>";
		};
		03FDA2EF2A8BE9A6003D192D /* Service Base */ = {
			isa = PBXGroup;
			children = (
				03FDA31C2A8D470F003D192D /* Container.swift */,
				03FDA31D2A8D470F003D192D /* Factory.swift */,
				03FDA31B2A8D470F003D192D /* Injections.swift */,
				03FDA2FF2A8C169A003D192D /* Locking.swift */,
				03FDA3102A8C1A48003D192D /* ViewModel.swift */,
				03FDA3192A8D36A6003D192D /* Service.swift */,
			);
			path = "Service Base";
			sourceTree = "<group>";
		};
		03FDA3122A8C1D07003D192D /* Login */ = {
			isa = PBXGroup;
			children = (
				C604EB232A89333800B18E0E /* LoginView.swift */,
				03FDA3132A8C1D1B003D192D /* LoginViewModel.swift */,
			);
			path = Login;
			sourceTree = "<group>";
		};
		03FDA3152A8D0ACC003D192D /* Profile */ = {
			isa = PBXGroup;
			children = (
				C604EB212A8932FB00B18E0E /* ProfileView.swift */,
				363A1BE22A8CA8E700148CBB /* ProfileViewModel.swift */,
			);
			path = Profile;
			sourceTree = "<group>";
		};
		03FDA3162A8D0BF6003D192D /* Product Item */ = {
			isa = PBXGroup;
			children = (
				C604EB512A895EC000B18E0E /* ProductItemView.swift */,
				03FDA3172A8D0C1C003D192D /* ProductItemViewModel.swift */,
			);
			path = "Product Item";
			sourceTree = "<group>";
		};
		110D7FC62A8BCBD5004A7ED9 /* Utilities */ = {
			isa = PBXGroup;
			children = (
				117ED6EE2A8B743400775CEC /* SystemApplication.swift */,
				117ED6EF2A8B743400775CEC /* EmbeddableSystemApplicationManager.swift */,
				117ED6E42A8B743400775CEC /* Private Headers */,
				117ED6EA2A8B743400775CEC /* DirectoryReader */,
				117ED6F02A8B743400775CEC /* Invocator */,
			);
			path = Utilities;
			sourceTree = "<group>";
		};
		110D7FC72A8BCBEC004A7ED9 /* Services */ = {
			isa = PBXGroup;
			children = (
				117ED6ED2A8B743400775CEC /* ApplicationService.swift */,
			);
			path = Services;
			sourceTree = "<group>";
		};
		110D7FC82A8BCC39004A7ED9 /* Extensions */ = {
			isa = PBXGroup;
			children = (
				117ED7002A8B87D000775CEC /* String+VersionComparison.swift */,
				11D5D8E42A8BBC6300A3C22B /* Dictionary+Apps.swift */,
			);
			path = Extensions;
			sourceTree = "<group>";
		};
		117ED6E42A8B743400775CEC /* Private Headers */ = {
			isa = PBXGroup;
			children = (
				117ED6FD2A8B755E00775CEC /* LSApplicationProxy.h */,
				117ED6FF2A8B755E00775CEC /* LSApplicationWorkspace.h */,
				117ED6FB2A8B755E00775CEC /* LSBundleProxy.h */,
				117ED6FE2A8B755E00775CEC /* LSResourceProxy.h */,
				117ED6FC2A8B755E00775CEC /* UIImage-ApplicationIcons.h */,
			);
			path = "Private Headers";
			sourceTree = "<group>";
		};
		117ED6EA2A8B743400775CEC /* DirectoryReader */ = {
			isa = PBXGroup;
			children = (
				117ED6EB2A8B743400775CEC /* DirectoryReader.m */,
				117ED6EC2A8B743400775CEC /* DirectoryReader.h */,
			);
			path = DirectoryReader;
			sourceTree = "<group>";
		};
		117ED6F02A8B743400775CEC /* Invocator */ = {
			isa = PBXGroup;
			children = (
				117ED6F12A8B743400775CEC /* Invocator.h */,
				117ED6F22A8B743400775CEC /* Invocator.m */,
			);
			path = Invocator;
			sourceTree = "<group>";
		};
		117ED6F82A8B74FE00775CEC /* Frameworks */ = {
			isa = PBXGroup;
			children = (
				117ED6F92A8B74FE00775CEC /* MobileCoreServices.framework */,
			);
			name = Frameworks;
			sourceTree = "<group>";
		};
		11D5D8E62A8BBD3F00A3C22B /* Applications */ = {
			isa = PBXGroup;
			children = (
				110D7FC72A8BCBEC004A7ED9 /* Services */,
				110D7FC62A8BCBD5004A7ED9 /* Utilities */,
				110D7FC82A8BCC39004A7ED9 /* Extensions */,
			);
			path = Applications;
			sourceTree = "<group>";
		};
		363A1BE02A8C909900148CBB /* Products List */ = {
			isa = PBXGroup;
			children = (
				C604EB1B2A89316C00B18E0E /* ProductsListView.swift */,
				363A1BDE2A8C8DF500148CBB /* ProductsListViewModel.swift */,
			);
			path = "Products List";
			sourceTree = "<group>";
		};
		363A1BE12A8CA8CF00148CBB /* MainView */ = {
			isa = PBXGroup;
			children = (
				C604EB152A8930C400B18E0E /* MainView.swift */,
				03FDA30E2A8C1952003D192D /* MainViewModel.swift */,
			);
			path = MainView;
			sourceTree = "<group>";
		};
		363A1BE42A8D256D00148CBB /* Product Details */ = {
			isa = PBXGroup;
			children = (
				C667B4D22A897F1300B2427D /* ProductDetailsView.swift */,
				363A1BE52A8D25A300148CBB /* ProductDetailsViewModel.swift */,
			);
			path = "Product Details";
			sourceTree = "<group>";
		};
		C604EAF52A892FDA00B18E0E = {
			isa = PBXGroup;
			children = (
				C67979712A8A99180091BE25 /* Config.xcconfig */,
				C604EB002A892FDA00B18E0E /* App */,
				03FDA2EF2A8BE9A6003D192D /* Service Base */,
				C604EB2A2A89396A00B18E0E /* Networking */,
				03E248D72A8A9C0300DDE525 /* Localization */,
				11D5D8E62A8BBD3F00A3C22B /* Applications */,
				03E248DE2A8A9C6E00DDE525 /* Storage */,
				117ED6E02A8B741E00775CEC /* Sibaro-Bridging-Header.h */,
				C604EAFF2A892FDA00B18E0E /* Products */,
				117ED6F82A8B74FE00775CEC /* Frameworks */,
			);
			sourceTree = "<group>";
		};
		C604EAFF2A892FDA00B18E0E /* Products */ = {
			isa = PBXGroup;
			children = (
				C604EAFE2A892FDA00B18E0E /* Sibaro.app */,
			);
			name = Products;
			sourceTree = "<group>";
		};
		C604EB002A892FDA00B18E0E /* App */ = {
			isa = PBXGroup;
			children = (
				C667B4D42A89872800B2427D /* Extensions */,
				C604EB252A89336E00B18E0E /* General */,
				C604EB112A8930A900B18E0E /* Navigation */,
				C604EB202A8932E900B18E0E /* User */,
				C604EB1A2A89314900B18E0E /* Products */,
				C604EB102A89309700B18E0E /* Resources */,
				C604EB012A892FDA00B18E0E /* SibaroApp.swift */,
				03FDA2F62A8C110A003D192D /* SibaroAppServices.swift */,
			);
			path = App;
			sourceTree = "<group>";
		};
		C604EB102A89309700B18E0E /* Resources */ = {
			isa = PBXGroup;
			children = (
				C604EB052A892FDD00B18E0E /* Assets.xcassets */,
				C604EB072A892FDD00B18E0E /* Sibaro.entitlements */,
			);
			path = Resources;
			sourceTree = "<group>";
		};
		C604EB112A8930A900B18E0E /* Navigation */ = {
			isa = PBXGroup;
			children = (
				363A1BE12A8CA8CF00148CBB /* MainView */,
				C604EB122A8930C400B18E0E /* Panel.swift */,
				C604EB132A8930C400B18E0E /* Sidebar.swift */,
				C604EB142A8930C400B18E0E /* TabNavigation.swift */,
			);
			path = Navigation;
			sourceTree = "<group>";
		};
		C604EB1A2A89314900B18E0E /* Products */ = {
			isa = PBXGroup;
			children = (
				363A1BE02A8C909900148CBB /* Products List */,
				03FDA3162A8D0BF6003D192D /* Product Item */,
				363A1BE42A8D256D00148CBB /* Product Details */,
			);
			path = Products;
			sourceTree = "<group>";
		};
		C604EB202A8932E900B18E0E /* User */ = {
			isa = PBXGroup;
			children = (
				C6AD3FBA2A8E1991008182BC /* SubmitApp */,
				03FDA3152A8D0ACC003D192D /* Profile */,
				03FDA3122A8C1D07003D192D /* Login */,
			);
			path = User;
			sourceTree = "<group>";
		};
		C604EB252A89336E00B18E0E /* General */ = {
			isa = PBXGroup;
			children = (
				C604EB4F2A89546F00B18E0E /* EmptyStateView.swift */,
				C6CF97692A8BDB090035210F /* HapticFeedback.swift */,
				C604EB262A89337400B18E0E /* VisualEffectBlur.swift */,
				03FDA3232A8DD4D3003D192D /* SingleAxisGeometryReader.swift */,
			);
			path = General;
			sourceTree = "<group>";
		};
		C604EB2A2A89396A00B18E0E /* Networking */ = {
			isa = PBXGroup;
			children = (
				C604EB2B2A89398900B18E0E /* Endpoints */,
				03E248D32A8A75DE00DDE525 /* Extensions */,
				C604EB3B2A893A9300B18E0E /* Models */,
				C604EB2E2A8939BB00B18E0E /* Base */,
				C604EB452A89403800B18E0E /* Services */,
				03E248D02A8A75A300DDE525 /* Utilities */,
			);
			path = Networking;
			sourceTree = "<group>";
		};
		C604EB2B2A89398900B18E0E /* Endpoints */ = {
			isa = PBXGroup;
			children = (
				C604EB2C2A89399700B18E0E /* AuthEndpoint.swift */,
				C604EB432A893D3500B18E0E /* ProductsEndpoint.swift */,
				C6AD3FC12A8E19AC008182BC /* SubmitAppEndpoint.swift */,
			);
			path = Endpoints;
			sourceTree = "<group>";
		};
		C604EB2E2A8939BB00B18E0E /* Base */ = {
			isa = PBXGroup;
			children = (
				C604EB2F2A8939BB00B18E0E /* HTTPContentType.swift */,
				C604EB302A8939BB00B18E0E /* HTTPMethod.swift */,
				C604EB312A8939BB00B18E0E /* HTTPClient.swift */,
				C604EB322A8939BB00B18E0E /* RequestError.swift */,
				C604EB332A8939BB00B18E0E /* Endpoint.swift */,
			);
			path = Base;
			sourceTree = "<group>";
		};
		C604EB3B2A893A9300B18E0E /* Models */ = {
			isa = PBXGroup;
			children = (
				C604EB412A893B6600B18E0E /* Errors.swift */,
				C604EB3C2A893A9E00B18E0E /* Login.swift */,
				C604EB3E2A893ADB00B18E0E /* Product.swift */,
				C6AD3FC32A8E19CE008182BC /* SubmitApp.swift */,
			);
			path = Models;
			sourceTree = "<group>";
		};
		C604EB452A89403800B18E0E /* Services */ = {
			isa = PBXGroup;
			children = (
				C604EB462A89406D00B18E0E /* AuthRepository.swift */,
				C604EB482A89407D00B18E0E /* ProductsRepository.swift */,
				C6AD3FC52A8E19FE008182BC /* SubmitAppRepository.swift */,
			);
			path = Services;
			sourceTree = "<group>";
		};
		C667B4D42A89872800B2427D /* Extensions */ = {
			isa = PBXGroup;
			children = (
				C667B4D52A89873400B2427D /* String+Extensions.swift */,
			);
			path = Extensions;
			sourceTree = "<group>";
		};
		C6AD3FBA2A8E1991008182BC /* SubmitApp */ = {
			isa = PBXGroup;
			children = (
				C6AD3FBB2A8E1991008182BC /* SubmitAppView.swift */,
				C6AD3FBD2A8E1991008182BC /* SubmitAppViewModel.swift */,
			);
			path = SubmitApp;
			sourceTree = "<group>";
		};
/* End PBXGroup section */

/* Begin PBXNativeTarget section */
		C604EAFD2A892FDA00B18E0E /* Sibaro */ = {
			isa = PBXNativeTarget;
			buildConfigurationList = C604EB0D2A892FDD00B18E0E /* Build configuration list for PBXNativeTarget "Sibaro" */;
			buildPhases = (
				C604EAFA2A892FDA00B18E0E /* Sources */,
				C604EAFB2A892FDA00B18E0E /* Frameworks */,
				C604EAFC2A892FDA00B18E0E /* Resources */,
			);
			buildRules = (
			);
			dependencies = (
			);
			name = Sibaro;
			packageProductDependencies = (
				C604EB4D2A894AE400B18E0E /* SimpleKeychain */,
				C62BF8002A8A3059002CFFF9 /* MarkdownUI */,
				C67979742A8AA6E00091BE25 /* Nuke */,
				C67979782A8AA6E00091BE25 /* NukeUI */,
			);
			productName = Sibaro;
			productReference = C604EAFE2A892FDA00B18E0E /* Sibaro.app */;
			productType = "com.apple.product-type.application";
		};
/* End PBXNativeTarget section */

/* Begin PBXProject section */
		C604EAF62A892FDA00B18E0E /* Project object */ = {
			isa = PBXProject;
			attributes = {
				BuildIndependentTargetsInParallel = 1;
				LastSwiftUpdateCheck = 1500;
				LastUpgradeCheck = 1500;
				TargetAttributes = {
					C604EAFD2A892FDA00B18E0E = {
						CreatedOnToolsVersion = 15.0;
						LastSwiftMigration = 1420;
					};
				};
			};
			buildConfigurationList = C604EAF92A892FDA00B18E0E /* Build configuration list for PBXProject "Sibaro" */;
			compatibilityVersion = "Xcode 14.0";
			developmentRegion = en;
			hasScannedForEncodings = 0;
			knownRegions = (
				en,
				Base,
			);
			mainGroup = C604EAF52A892FDA00B18E0E;
			packageReferences = (
				C604EB4C2A894AE400B18E0E /* XCRemoteSwiftPackageReference "SimpleKeychain" */,
				C62BF7FF2A8A3059002CFFF9 /* XCRemoteSwiftPackageReference "swift-markdown-ui" */,
				C67979732A8AA6E00091BE25 /* XCRemoteSwiftPackageReference "Nuke" */,
			);
			productRefGroup = C604EAFF2A892FDA00B18E0E /* Products */;
			projectDirPath = "";
			projectRoot = "";
			targets = (
				C604EAFD2A892FDA00B18E0E /* Sibaro */,
			);
		};
/* End PBXProject section */

/* Begin PBXResourcesBuildPhase section */
		C604EAFC2A892FDA00B18E0E /* Resources */ = {
			isa = PBXResourcesBuildPhase;
			buildActionMask = 2147483647;
			files = (
				C67979722A8A99180091BE25 /* Config.xcconfig in Resources */,
				C604EB062A892FDD00B18E0E /* Assets.xcassets in Resources */,
				03E248DA2A8A9C2600DDE525 /* en.strings in Resources */,
			);
			runOnlyForDeploymentPostprocessing = 0;
		};
/* End PBXResourcesBuildPhase section */

/* Begin PBXSourcesBuildPhase section */
		C604EAFA2A892FDA00B18E0E /* Sources */ = {
			isa = PBXSourcesBuildPhase;
			buildActionMask = 2147483647;
			files = (
				117ED6F72A8B743400775CEC /* Invocator.m in Sources */,
				C604EB372A8939BB00B18E0E /* RequestError.swift in Sources */,
				C6CF976A2A8BDB090035210F /* HapticFeedback.swift in Sources */,
				C604EB502A89546F00B18E0E /* EmptyStateView.swift in Sources */,
				03FDA30A2A8C169A003D192D /* Locking.swift in Sources */,
				03FDA3242A8DD4D3003D192D /* SingleAxisGeometryReader.swift in Sources */,
				C604EB522A895EC000B18E0E /* ProductItemView.swift in Sources */,
				C604EB222A8932FB00B18E0E /* ProfileView.swift in Sources */,
				117ED6F32A8B743400775CEC /* DirectoryReader.m in Sources */,
				C6AD3FBE2A8E1991008182BC /* SubmitAppView.swift in Sources */,
				C604EB492A89407D00B18E0E /* ProductsRepository.swift in Sources */,
				C6AD3FC22A8E19AC008182BC /* SubmitAppEndpoint.swift in Sources */,
				03E248D22A8A75BD00DDE525 /* SibaroJSONDecoder.swift in Sources */,
				117ED6F42A8B743400775CEC /* ApplicationService.swift in Sources */,
				C604EB442A893D3500B18E0E /* ProductsEndpoint.swift in Sources */,
				03FDA31F2A8D470F003D192D /* Container.swift in Sources */,
				C604EB3F2A893ADB00B18E0E /* Product.swift in Sources */,
				C604EB192A8930C400B18E0E /* MainView.swift in Sources */,
				C6AD3FC02A8E1991008182BC /* SubmitAppViewModel.swift in Sources */,
				C604EB362A8939BB00B18E0E /* HTTPClient.swift in Sources */,
				03FDA30F2A8C1952003D192D /* MainViewModel.swift in Sources */,
				03FDA31A2A8D36A6003D192D /* Service.swift in Sources */,
				C6AD3FC42A8E19CE008182BC /* SubmitApp.swift in Sources */,
				03FDA3142A8C1D1B003D192D /* LoginViewModel.swift in Sources */,
				C604EB382A8939BB00B18E0E /* Endpoint.swift in Sources */,
				03E248D52A8A75FE00DDE525 /* Date+DecodeString.swift in Sources */,
				03FDA2F72A8C110A003D192D /* SibaroAppServices.swift in Sources */,
				03FDA3112A8C1A48003D192D /* ViewModel.swift in Sources */,
				C604EB472A89406D00B18E0E /* AuthRepository.swift in Sources */,
				363A1BE62A8D25A300148CBB /* ProductDetailsViewModel.swift in Sources */,
				117ED6F62A8B743400775CEC /* EmbeddableSystemApplicationManager.swift in Sources */,
				C604EB022A892FDA00B18E0E /* SibaroApp.swift in Sources */,
				C604EB422A893B6600B18E0E /* Errors.swift in Sources */,
				11D5D8E52A8BBC6300A3C22B /* Dictionary+Apps.swift in Sources */,
				03FDA3182A8D0C1C003D192D /* ProductItemViewModel.swift in Sources */,
				C667B4D62A89873400B2427D /* String+Extensions.swift in Sources */,
				C667B4D32A897F1300B2427D /* ProductDetailsView.swift in Sources */,
				363A1BDF2A8C8DF500148CBB /* ProductsListViewModel.swift in Sources */,
				117ED6F52A8B743400775CEC /* SystemApplication.swift in Sources */,
				C604EB1C2A89316C00B18E0E /* ProductsListView.swift in Sources */,
				C604EB182A8930C400B18E0E /* TabNavigation.swift in Sources */,
				363A1BE32A8CA8E700148CBB /* ProfileViewModel.swift in Sources */,
				03FDA31E2A8D470F003D192D /* Injections.swift in Sources */,
				C604EB342A8939BB00B18E0E /* HTTPContentType.swift in Sources */,
				117ED7012A8B87D000775CEC /* String+VersionComparison.swift in Sources */,
				03E248E72A8AA42D00DDE525 /* StorageService.swift in Sources */,
				C604EB172A8930C400B18E0E /* Sidebar.swift in Sources */,
				C604EB272A89337400B18E0E /* VisualEffectBlur.swift in Sources */,
				C604EB352A8939BB00B18E0E /* HTTPMethod.swift in Sources */,
				C604EB242A89333800B18E0E /* LoginView.swift in Sources */,
				03E248DD2A8A9C4F00DDE525 /* I18nService.swift in Sources */,
				03FDA3202A8D470F003D192D /* Factory.swift in Sources */,
				C604EB2D2A89399700B18E0E /* AuthEndpoint.swift in Sources */,
				C604EB162A8930C400B18E0E /* Panel.swift in Sources */,
				C6AD3FC62A8E19FE008182BC /* SubmitAppRepository.swift in Sources */,
				03FDA3222A8D5FE2003D192D /* Stored.swift in Sources */,
				C604EB3D2A893A9E00B18E0E /* Login.swift in Sources */,
				03E248E22A8A9D4100DDE525 /* Languages.swift in Sources */,
			);
			runOnlyForDeploymentPostprocessing = 0;
		};
/* End PBXSourcesBuildPhase section */

/* Begin XCBuildConfiguration section */
		C604EB0B2A892FDD00B18E0E /* Debug */ = {
			isa = XCBuildConfiguration;
			baseConfigurationReference = C67979712A8A99180091BE25 /* Config.xcconfig */;
			buildSettings = {
				ALWAYS_SEARCH_USER_PATHS = NO;
				ASSETCATALOG_COMPILER_GENERATE_SWIFT_ASSET_SYMBOL_EXTENSIONS = YES;
				CLANG_ANALYZER_NONNULL = YES;
				CLANG_ANALYZER_NUMBER_OBJECT_CONVERSION = YES_AGGRESSIVE;
				CLANG_CXX_LANGUAGE_STANDARD = "gnu++20";
				CLANG_ENABLE_MODULES = YES;
				CLANG_ENABLE_OBJC_ARC = YES;
				CLANG_ENABLE_OBJC_WEAK = YES;
				CLANG_WARN_BLOCK_CAPTURE_AUTORELEASING = YES;
				CLANG_WARN_BOOL_CONVERSION = YES;
				CLANG_WARN_COMMA = YES;
				CLANG_WARN_CONSTANT_CONVERSION = YES;
				CLANG_WARN_DEPRECATED_OBJC_IMPLEMENTATIONS = YES;
				CLANG_WARN_DIRECT_OBJC_ISA_USAGE = YES_ERROR;
				CLANG_WARN_DOCUMENTATION_COMMENTS = YES;
				CLANG_WARN_EMPTY_BODY = YES;
				CLANG_WARN_ENUM_CONVERSION = YES;
				CLANG_WARN_INFINITE_RECURSION = YES;
				CLANG_WARN_INT_CONVERSION = YES;
				CLANG_WARN_NON_LITERAL_NULL_CONVERSION = YES;
				CLANG_WARN_OBJC_IMPLICIT_RETAIN_SELF = YES;
				CLANG_WARN_OBJC_LITERAL_CONVERSION = YES;
				CLANG_WARN_OBJC_ROOT_CLASS = YES_ERROR;
				CLANG_WARN_QUOTED_INCLUDE_IN_FRAMEWORK_HEADER = YES;
				CLANG_WARN_RANGE_LOOP_ANALYSIS = YES;
				CLANG_WARN_STRICT_PROTOTYPES = YES;
				CLANG_WARN_SUSPICIOUS_MOVE = YES;
				CLANG_WARN_UNGUARDED_AVAILABILITY = YES_AGGRESSIVE;
				CLANG_WARN_UNREACHABLE_CODE = YES;
				CLANG_WARN__DUPLICATE_METHOD_MATCH = YES;
				COPY_PHASE_STRIP = NO;
				DEBUG_INFORMATION_FORMAT = dwarf;
				ENABLE_STRICT_OBJC_MSGSEND = YES;
				ENABLE_TESTABILITY = YES;
				ENABLE_USER_SCRIPT_SANDBOXING = YES;
				GCC_C_LANGUAGE_STANDARD = gnu17;
				GCC_DYNAMIC_NO_PIC = NO;
				GCC_NO_COMMON_BLOCKS = YES;
				GCC_OPTIMIZATION_LEVEL = 0;
				GCC_PREPROCESSOR_DEFINITIONS = (
					"DEBUG=1",
					"$(inherited)",
				);
				GCC_WARN_64_TO_32_BIT_CONVERSION = YES;
				GCC_WARN_ABOUT_RETURN_TYPE = YES_ERROR;
				GCC_WARN_UNDECLARED_SELECTOR = YES;
				GCC_WARN_UNINITIALIZED_AUTOS = YES_AGGRESSIVE;
				GCC_WARN_UNUSED_FUNCTION = YES;
				GCC_WARN_UNUSED_VARIABLE = YES;
				LOCALIZATION_PREFERS_STRING_CATALOGS = YES;
				MTL_ENABLE_DEBUG_INFO = INCLUDE_SOURCE;
				MTL_FAST_MATH = YES;
				ONLY_ACTIVE_ARCH = YES;
				SWIFT_ACTIVE_COMPILATION_CONDITIONS = "DEBUG $(inherited)";
				SWIFT_OPTIMIZATION_LEVEL = "-Onone";
			};
			name = Debug;
		};
		C604EB0C2A892FDD00B18E0E /* Release */ = {
			isa = XCBuildConfiguration;
			baseConfigurationReference = C67979712A8A99180091BE25 /* Config.xcconfig */;
			buildSettings = {
				ALWAYS_SEARCH_USER_PATHS = NO;
				ASSETCATALOG_COMPILER_GENERATE_SWIFT_ASSET_SYMBOL_EXTENSIONS = YES;
				CLANG_ANALYZER_NONNULL = YES;
				CLANG_ANALYZER_NUMBER_OBJECT_CONVERSION = YES_AGGRESSIVE;
				CLANG_CXX_LANGUAGE_STANDARD = "gnu++20";
				CLANG_ENABLE_MODULES = YES;
				CLANG_ENABLE_OBJC_ARC = YES;
				CLANG_ENABLE_OBJC_WEAK = YES;
				CLANG_WARN_BLOCK_CAPTURE_AUTORELEASING = YES;
				CLANG_WARN_BOOL_CONVERSION = YES;
				CLANG_WARN_COMMA = YES;
				CLANG_WARN_CONSTANT_CONVERSION = YES;
				CLANG_WARN_DEPRECATED_OBJC_IMPLEMENTATIONS = YES;
				CLANG_WARN_DIRECT_OBJC_ISA_USAGE = YES_ERROR;
				CLANG_WARN_DOCUMENTATION_COMMENTS = YES;
				CLANG_WARN_EMPTY_BODY = YES;
				CLANG_WARN_ENUM_CONVERSION = YES;
				CLANG_WARN_INFINITE_RECURSION = YES;
				CLANG_WARN_INT_CONVERSION = YES;
				CLANG_WARN_NON_LITERAL_NULL_CONVERSION = YES;
				CLANG_WARN_OBJC_IMPLICIT_RETAIN_SELF = YES;
				CLANG_WARN_OBJC_LITERAL_CONVERSION = YES;
				CLANG_WARN_OBJC_ROOT_CLASS = YES_ERROR;
				CLANG_WARN_QUOTED_INCLUDE_IN_FRAMEWORK_HEADER = YES;
				CLANG_WARN_RANGE_LOOP_ANALYSIS = YES;
				CLANG_WARN_STRICT_PROTOTYPES = YES;
				CLANG_WARN_SUSPICIOUS_MOVE = YES;
				CLANG_WARN_UNGUARDED_AVAILABILITY = YES_AGGRESSIVE;
				CLANG_WARN_UNREACHABLE_CODE = YES;
				CLANG_WARN__DUPLICATE_METHOD_MATCH = YES;
				COPY_PHASE_STRIP = NO;
				DEBUG_INFORMATION_FORMAT = "dwarf-with-dsym";
				ENABLE_NS_ASSERTIONS = NO;
				ENABLE_STRICT_OBJC_MSGSEND = YES;
				ENABLE_USER_SCRIPT_SANDBOXING = YES;
				GCC_C_LANGUAGE_STANDARD = gnu17;
				GCC_NO_COMMON_BLOCKS = YES;
				GCC_WARN_64_TO_32_BIT_CONVERSION = YES;
				GCC_WARN_ABOUT_RETURN_TYPE = YES_ERROR;
				GCC_WARN_UNDECLARED_SELECTOR = YES;
				GCC_WARN_UNINITIALIZED_AUTOS = YES_AGGRESSIVE;
				GCC_WARN_UNUSED_FUNCTION = YES;
				GCC_WARN_UNUSED_VARIABLE = YES;
				LOCALIZATION_PREFERS_STRING_CATALOGS = YES;
				MTL_ENABLE_DEBUG_INFO = NO;
				MTL_FAST_MATH = YES;
				SWIFT_COMPILATION_MODE = wholemodule;
			};
			name = Release;
		};
		C604EB0E2A892FDD00B18E0E /* Debug */ = {
			isa = XCBuildConfiguration;
			baseConfigurationReference = C67979712A8A99180091BE25 /* Config.xcconfig */;
			buildSettings = {
				ASSETCATALOG_COMPILER_APPICON_NAME = AppIcon;
				ASSETCATALOG_COMPILER_GLOBAL_ACCENT_COLOR_NAME = AccentColor;
				CLANG_ENABLE_MODULES = YES;
				CODE_SIGN_ENTITLEMENTS = App/Resources/Sibaro.entitlements;
				CODE_SIGN_IDENTITY = "Apple Development";
				CODE_SIGN_STYLE = Automatic;
				CURRENT_PROJECT_VERSION = "$(CONFIG_APP_BUNDLE_VERSION)";
				DEVELOPMENT_ASSET_PATHS = "";
				DEVELOPMENT_TEAM = "$(CONFIG_DEV_TEAM)";
				ENABLE_PREVIEWS = YES;
				GENERATE_INFOPLIST_FILE = YES;
				"INFOPLIST_KEY_UIApplicationSceneManifest_Generation[sdk=iphoneos*]" = YES;
				"INFOPLIST_KEY_UIApplicationSceneManifest_Generation[sdk=iphonesimulator*]" = YES;
				"INFOPLIST_KEY_UIApplicationSupportsIndirectInputEvents[sdk=iphoneos*]" = YES;
				"INFOPLIST_KEY_UIApplicationSupportsIndirectInputEvents[sdk=iphonesimulator*]" = YES;
				"INFOPLIST_KEY_UILaunchScreen_Generation[sdk=iphoneos*]" = YES;
				"INFOPLIST_KEY_UILaunchScreen_Generation[sdk=iphonesimulator*]" = YES;
				"INFOPLIST_KEY_UIStatusBarStyle[sdk=iphoneos*]" = UIStatusBarStyleDefault;
				"INFOPLIST_KEY_UIStatusBarStyle[sdk=iphonesimulator*]" = UIStatusBarStyleDefault;
				INFOPLIST_KEY_UISupportedInterfaceOrientations_iPad = "UIInterfaceOrientationPortrait UIInterfaceOrientationPortraitUpsideDown UIInterfaceOrientationLandscapeLeft UIInterfaceOrientationLandscapeRight";
				INFOPLIST_KEY_UISupportedInterfaceOrientations_iPhone = "UIInterfaceOrientationPortrait UIInterfaceOrientationLandscapeLeft UIInterfaceOrientationLandscapeRight";
				IPHONEOS_DEPLOYMENT_TARGET = 16.0;
				LD_RUNPATH_SEARCH_PATHS = "@executable_path/Frameworks";
				"LD_RUNPATH_SEARCH_PATHS[sdk=macosx*]" = "@executable_path/../Frameworks";
				MACOSX_DEPLOYMENT_TARGET = 13.0;
				MARKETING_VERSION = "$(CONFIG_APP_VERSION)";
				PRODUCT_BUNDLE_IDENTIFIER = "$(CONFIG_BUNDLE_ID)";
				PRODUCT_NAME = "$(CONFIG_APP_NAME)";
				PROVISIONING_PROFILE_SPECIFIER = "";
				SDKROOT = auto;
				SUPPORTED_PLATFORMS = "iphoneos iphonesimulator macosx";
				SWIFT_EMIT_LOC_STRINGS = YES;
				SWIFT_OBJC_BRIDGING_HEADER = "Sibaro-Bridging-Header.h";
				SWIFT_OPTIMIZATION_LEVEL = "-Onone";
				SWIFT_VERSION = 5.0;
				TARGETED_DEVICE_FAMILY = "1,2";
			};
			name = Debug;
		};
		C604EB0F2A892FDD00B18E0E /* Release */ = {
			isa = XCBuildConfiguration;
			baseConfigurationReference = C67979712A8A99180091BE25 /* Config.xcconfig */;
			buildSettings = {
				ASSETCATALOG_COMPILER_APPICON_NAME = AppIcon;
				ASSETCATALOG_COMPILER_GLOBAL_ACCENT_COLOR_NAME = AccentColor;
				CLANG_ENABLE_MODULES = YES;
				CODE_SIGN_ENTITLEMENTS = App/Resources/Sibaro.entitlements;
				CODE_SIGN_IDENTITY = "Apple Development";
				CODE_SIGN_STYLE = Automatic;
				CURRENT_PROJECT_VERSION = "$(CONFIG_APP_BUNDLE_VERSION)";
				DEVELOPMENT_ASSET_PATHS = "";
				DEVELOPMENT_TEAM = "$(CONFIG_DEV_TEAM)";
				ENABLE_PREVIEWS = YES;
				GENERATE_INFOPLIST_FILE = YES;
				"INFOPLIST_KEY_UIApplicationSceneManifest_Generation[sdk=iphoneos*]" = YES;
				"INFOPLIST_KEY_UIApplicationSceneManifest_Generation[sdk=iphonesimulator*]" = YES;
				"INFOPLIST_KEY_UIApplicationSupportsIndirectInputEvents[sdk=iphoneos*]" = YES;
				"INFOPLIST_KEY_UIApplicationSupportsIndirectInputEvents[sdk=iphonesimulator*]" = YES;
				"INFOPLIST_KEY_UILaunchScreen_Generation[sdk=iphoneos*]" = YES;
				"INFOPLIST_KEY_UILaunchScreen_Generation[sdk=iphonesimulator*]" = YES;
				"INFOPLIST_KEY_UIStatusBarStyle[sdk=iphoneos*]" = UIStatusBarStyleDefault;
				"INFOPLIST_KEY_UIStatusBarStyle[sdk=iphonesimulator*]" = UIStatusBarStyleDefault;
				INFOPLIST_KEY_UISupportedInterfaceOrientations_iPad = "UIInterfaceOrientationPortrait UIInterfaceOrientationPortraitUpsideDown UIInterfaceOrientationLandscapeLeft UIInterfaceOrientationLandscapeRight";
				INFOPLIST_KEY_UISupportedInterfaceOrientations_iPhone = "UIInterfaceOrientationPortrait UIInterfaceOrientationLandscapeLeft UIInterfaceOrientationLandscapeRight";
				IPHONEOS_DEPLOYMENT_TARGET = 16.0;
				LD_RUNPATH_SEARCH_PATHS = "@executable_path/Frameworks";
				"LD_RUNPATH_SEARCH_PATHS[sdk=macosx*]" = "@executable_path/../Frameworks";
				MACOSX_DEPLOYMENT_TARGET = 13.0;
				MARKETING_VERSION = "$(CONFIG_APP_VERSION)";
				PRODUCT_BUNDLE_IDENTIFIER = "$(CONFIG_BUNDLE_ID)";
				PRODUCT_NAME = "$(CONFIG_APP_NAME)";
				PROVISIONING_PROFILE_SPECIFIER = "";
				SDKROOT = auto;
				SUPPORTED_PLATFORMS = "iphoneos iphonesimulator macosx";
				SWIFT_EMIT_LOC_STRINGS = YES;
				SWIFT_OBJC_BRIDGING_HEADER = "Sibaro-Bridging-Header.h";
				SWIFT_VERSION = 5.0;
				TARGETED_DEVICE_FAMILY = "1,2";
			};
			name = Release;
		};
/* End XCBuildConfiguration section */

/* Begin XCConfigurationList section */
		C604EAF92A892FDA00B18E0E /* Build configuration list for PBXProject "Sibaro" */ = {
			isa = XCConfigurationList;
			buildConfigurations = (
				C604EB0B2A892FDD00B18E0E /* Debug */,
				C604EB0C2A892FDD00B18E0E /* Release */,
			);
			defaultConfigurationIsVisible = 0;
			defaultConfigurationName = Release;
		};
		C604EB0D2A892FDD00B18E0E /* Build configuration list for PBXNativeTarget "Sibaro" */ = {
			isa = XCConfigurationList;
			buildConfigurations = (
				C604EB0E2A892FDD00B18E0E /* Debug */,
				C604EB0F2A892FDD00B18E0E /* Release */,
			);
			defaultConfigurationIsVisible = 0;
			defaultConfigurationName = Release;
		};
/* End XCConfigurationList section */

/* Begin XCRemoteSwiftPackageReference section */
		C604EB4C2A894AE400B18E0E /* XCRemoteSwiftPackageReference "SimpleKeychain" */ = {
			isa = XCRemoteSwiftPackageReference;
			repositoryURL = "https://github.com/auth0/SimpleKeychain";
			requirement = {
				kind = upToNextMajorVersion;
				minimumVersion = 1.1.0;
			};
		};
		C62BF7FF2A8A3059002CFFF9 /* XCRemoteSwiftPackageReference "swift-markdown-ui" */ = {
			isa = XCRemoteSwiftPackageReference;
			repositoryURL = "https://github.com/gonzalezreal/swift-markdown-ui";
			requirement = {
				kind = upToNextMajorVersion;
				minimumVersion = 2.1.0;
			};
		};
		C67979732A8AA6E00091BE25 /* XCRemoteSwiftPackageReference "Nuke" */ = {
			isa = XCRemoteSwiftPackageReference;
			repositoryURL = "https://github.com/kean/Nuke";
			requirement = {
				kind = upToNextMajorVersion;
				minimumVersion = 12.1.5;
			};
		};
/* End XCRemoteSwiftPackageReference section */

/* Begin XCSwiftPackageProductDependency section */
		C604EB4D2A894AE400B18E0E /* SimpleKeychain */ = {
			isa = XCSwiftPackageProductDependency;
			package = C604EB4C2A894AE400B18E0E /* XCRemoteSwiftPackageReference "SimpleKeychain" */;
			productName = SimpleKeychain;
		};
		C62BF8002A8A3059002CFFF9 /* MarkdownUI */ = {
			isa = XCSwiftPackageProductDependency;
			package = C62BF7FF2A8A3059002CFFF9 /* XCRemoteSwiftPackageReference "swift-markdown-ui" */;
			productName = MarkdownUI;
		};
		C67979742A8AA6E00091BE25 /* Nuke */ = {
			isa = XCSwiftPackageProductDependency;
			package = C67979732A8AA6E00091BE25 /* XCRemoteSwiftPackageReference "Nuke" */;
			productName = Nuke;
		};
		C67979782A8AA6E00091BE25 /* NukeUI */ = {
			isa = XCSwiftPackageProductDependency;
			package = C67979732A8AA6E00091BE25 /* XCRemoteSwiftPackageReference "Nuke" */;
			productName = NukeUI;
		};
/* End XCSwiftPackageProductDependency section */
	};
	rootObject = C604EAF62A892FDA00B18E0E /* Project object */;
}
